
Microsoft Visual Studio Solution File, Format Version 12.00
# Visual Studio 2017
Project("{FAE04EC0-301F-11D3-BF4B-00C04F79EFBC}") = "Factory 9", "Factory 9.csproj", "{0B1A0AEC-F099-E7B4-C5AD-2C79DB06CDBB}"
EndProject
Project("{FAE04EC0-301F-11D3-BF4B-00C04F79EFBC}") = "Factory 9.Editor", "Factory 9.Editor.csproj", "{29BEE510-4815-D14F-E9A2-CE5FA5D3B342}"
EndProject
Global
	GlobalSection(SolutionConfigurationPlatforms) = preSolution
		Debug|Any CPU = Debug|Any CPU
		Release|Any CPU = Release|Any CPU
	EndGlobalSection
	GlobalSection(ProjectConfigurationPlatforms) = postSolution
		{0B1A0AEC-F099-E7B4-C5AD-2C79DB06CDBB}.Debug|Any CPU.ActiveCfg = Debug|Any CPU
		{0B1A0AEC-F099-E7B4-C5AD-2C79DB06CDBB}.Debug|Any CPU.Build.0 = Debug|Any CPU
		{0B1A0AEC-F099-E7B4-C5AD-2C79DB06CDBB}.Release|Any CPU.ActiveCfg = Release|Any CPU
		{0B1A0AEC-F099-E7B4-C5AD-2C79DB06CDBB}.Release|Any CPU.Build.0 = Release|Any CPU
		{29BEE510-4815-D14F-E9A2-CE5FA5D3B342}.Debug|Any CPU.ActiveCfg = Debug|Any CPU
		{29BEE510-4815-D14F-E9A2-CE5FA5D3B342}.Debug|Any CPU.Build.0 = Debug|Any CPU
		{29BEE510-4815-D14F-E9A2-CE5FA5D3B342}.Release|Any CPU.ActiveCfg = Release|Any CPU
		{29BEE510-4815-D14F-E9A2-CE5FA5D3B342}.Release|Any CPU.Build.0 = Release|Any CPU
	EndGlobalSection
	GlobalSection(SolutionProperties) = preSolution
		HideSolutionNode = FALSE
	EndGlobalSection
EndGlobal
